// !$*UTF8*$!
{
	archiveVersion = 1;
	classes = {
	};
	objectVersion = 48;
	objects = {

/* Begin PBXBuildFile section */
		C07C663E20E5A42E0080CCD8 /* AppDelegate.swift in Sources */ = {isa = PBXBuildFile; fileRef = C07C663D20E5A42E0080CCD8 /* AppDelegate.swift */; };
		C07C664020E5A42E0080CCD8 /* ViewController.swift in Sources */ = {isa = PBXBuildFile; fileRef = C07C663F20E5A42E0080CCD8 /* ViewController.swift */; };
		C07C664320E5A42E0080CCD8 /* Main.storyboard in Resources */ = {isa = PBXBuildFile; fileRef = C07C664120E5A42E0080CCD8 /* Main.storyboard */; };
		C07C664520E5A42E0080CCD8 /* Assets.xcassets in Resources */ = {isa = PBXBuildFile; fileRef = C07C664420E5A42E0080CCD8 /* Assets.xcassets */; };
		C07C664820E5A42E0080CCD8 /* LaunchScreen.storyboard in Resources */ = {isa = PBXBuildFile; fileRef = C07C664620E5A42E0080CCD8 /* LaunchScreen.storyboard */; };
/* End PBXBuildFile section */

/* Begin PBXFileReference section */
		C07C663A20E5A42E0080CCD8 /* name_with_hello_world.app */ = {isa = PBXFileReference; explicitFileType = wrapper.application; includeInIndex = 0; path = name_with_hello_world.app; sourceTree = BUILT_PRODUCTS_DIR; };
		C07C663D20E5A42E0080CCD8 /* AppDelegate.swift */ = {isa = PBXFileReference; lastKnownFileType = sourcecode.swift; path = AppDelegate.swift; sourceTree = "<group>"; };
		C07C663F20E5A42E0080CCD8 /* ViewController.swift */ = {isa = PBXFileReference; lastKnownFileType = sourcecode.swift; path = ViewController.swift; sourceTree = "<group>"; };
		C07C664220E5A42E0080CCD8 /* Base */ = {isa = PBXFileReference; lastKnownFileType = file.storyboard; name = Base; path = Base.lproj/Main.storyboard; sourceTree = "<group>"; };
		C07C664420E5A42E0080CCD8 /* Assets.xcassets */ = {isa = PBXFileReference; lastKnownFileType = folder.assetcatalog; path = Assets.xcassets; sourceTree = "<group>"; };
		C07C664720E5A42E0080CCD8 /* Base */ = {isa = PBXFileReference; lastKnownFileType = file.storyboard; name = Base; path = Base.lproj/LaunchScreen.storyboard; sourceTree = "<group>"; };
		C07C664920E5A42E0080CCD8 /* Info.plist */ = {isa = PBXFileReference; lastKnownFileType = text.plist.xml; path = Info.plist; sourceTree = "<group>"; };
/* End PBXFileReference section */

/* Begin PBXFrameworksBuildPhase section */
		C07C663720E5A42E0080CCD8 /* Frameworks */ = {
			isa = PBXFrameworksBuildPhase;
			buildActionMask = 2147483647;
			files = (
			);
			runOnlyForDeploymentPostprocessing = 0;
		};
/* End PBXFrameworksBuildPhase section */

/* Begin PBXGroup section */
		C07C663120E5A42E0080CCD8 = {
			isa = PBXGroup;
			children = (
				C07C663C20E5A42E0080CCD8 /* name_with_hello_world */,
				C07C663B20E5A42E0080CCD8 /* Products */,
			);
			sourceTree = "<group>";
		};
		C07C663B20E5A42E0080CCD8 /* Products */ = {
			isa = PBXGroup;
			children = (
				C07C663A20E5A42E0080CCD8 /* name_with_hello_world.app */,
			);
			name = Products;
			sourceTree = "<group>";
		};
		C07C663C20E5A42E0080CCD8 /* name_with_hello_world */ = {
			isa = PBXGroup;
			children = (
				C07C663D20E5A42E0080CCD8 /* AppDelegate.swift */,
				C07C663F20E5A42E0080CCD8 /* ViewController.swift */,
				C07C664120E5A42E0080CCD8 /* Main.storyboard */,
				C07C664420E5A42E0080CCD8 /* Assets.xcassets */,
				C07C664620E5A42E0080CCD8 /* LaunchScreen.storyboard */,
				C07C664920E5A42E0080CCD8 /* Info.plist */,
			);
			path = name_with_hello_world;
			sourceTree = "<group>";
		};
/* End PBXGroup section */

/* Begin PBXNativeTarget section */
		C07C663920E5A42E0080CCD8 /* name_with_hello_world */ = {
			isa = PBXNativeTarget;
			buildConfigurationList = C07C664C20E5A42E0080CCD8 /* Build configuration list for PBXNativeTarget "name_with_hello_world" */;
			buildPhases = (
				C07C663620E5A42E0080CCD8 /* Sources */,
				C07C663720E5A42E0080CCD8 /* Frameworks */,
				C07C663820E5A42E0080CCD8 /* Resources */,
			);
			buildRules = (
			);
			dependencies = (
			);
			name = name_with_hello_world;
			productName = name_with_hello_world;
			productReference = C07C663A20E5A42E0080CCD8 /* name_with_hello_world.app */;
			productType = "com.apple.product-type.application";
		};
/* End PBXNativeTarget section */

/* Begin PBXProject section */
		C07C663220E5A42E0080CCD8 /* Project object */ = {
			isa = PBXProject;
			attributes = {
				LastSwiftUpdateCheck = 0900;
				LastUpgradeCheck = 0900;
				ORGANIZATIONNAME = Everyone;
				TargetAttributes = {
					C07C663920E5A42E0080CCD8 = {
						CreatedOnToolsVersion = 9.0;
						ProvisioningStyle = Automatic;
					};
				};
			};
			buildConfigurationList = C07C663520E5A42E0080CCD8 /* Build configuration list for PBXProject "name_with_hello_world" */;
			compatibilityVersion = "Xcode 8.0";
			developmentRegion = en;
			hasScannedForEncodings = 0;
			knownRegions = (
				en,
				Base,
			);
			mainGroup = C07C663120E5A42E0080CCD8;
			productRefGroup = C07C663B20E5A42E0080CCD8 /* Products */;
			projectDirPath = "";
			projectRoot = "";
			targets = (
				C07C663920E5A42E0080CCD8 /* name_with_hello_world */,
			);
		};
/* End PBXProject section */

/* Begin PBXResourcesBuildPhase section */
		C07C663820E5A42E0080CCD8 /* Resources */ = {
			isa = PBXResourcesBuildPhase;
			buildActionMask = 2147483647;
			files = (
				C07C664820E5A42E0080CCD8 /* LaunchScreen.storyboard in Resources */,
				C07C664520E5A42E0080CCD8 /* Assets.xcassets in Resources */,
				C07C664320E5A42E0080CCD8 /* Main.storyboard in Resources */,
			);
			runOnlyForDeploymentPostprocessing = 0;
		};
/* End PBXResourcesBuildPhase section */

/* Begin PBXSourcesBuildPhase section */
		C07C663620E5A42E0080CCD8 /* Sources */ = {
			isa = PBXSourcesBuildPhase;
			buildActionMask = 2147483647;
			files = (
				C07C664020E5A42E0080CCD8 /* ViewController.swift in Sources */,
				C07C663E20E5A42E0080CCD8 /* AppDelegate.swift in Sources */,
			);
			runOnlyForDeploymentPostprocessing = 0;
		};
/* End PBXSourcesBuildPhase section */

/* Begin PBXVariantGroup section */
		C07C664120E5A42E0080CCD8 /* Main.storyboard */ = {
			isa = PBXVariantGroup;
			children = (
				C07C664220E5A42E0080CCD8 /* Base */,
			);
			name = Main.storyboard;
			sourceTree = "<group>";
		};
		C07C664620E5A42E0080CCD8 /* LaunchScreen.storyboard */ = {
			isa = PBXVariantGroup;
			children = (
				C07C664720E5A42E0080CCD8 /* Base */,
			);
			name = LaunchScreen.storyboard;
			sourceTree = "<group>";
		};
/* End PBXVariantGroup section */

/* Begin XCBuildConfiguration section */
		C07C664A20E5A42E0080CCD8 /* Debug */ = {
			isa = XCBuildConfiguration;
			buildSettings = {
				ALWAYS_SEARCH_USER_PATHS = NO;
				CLANG_ANALYZER_NONNULL = YES;
				CLANG_ANALYZER_NUMBER_OBJECT_CONVERSION = YES_AGGRESSIVE;
				CLANG_CXX_LANGUAGE_STANDARD = "gnu++14";
				CLANG_CXX_LIBRARY = "libc++";
				CLANG_ENABLE_MODULES = YES;
				CLANG_ENABLE_OBJC_ARC = YES;
				CLANG_WARN_BLOCK_CAPTURE_AUTORELEASING = YES;
				CLANG_WARN_BOOL_CONVERSION = YES;
				CLANG_WARN_COMMA = YES;
				CLANG_WARN_CONSTANT_CONVERSION = YES;
				CLANG_WARN_DIRECT_OBJC_ISA_USAGE = YES_ERROR;
				CLANG_WARN_DOCUMENTATION_COMMENTS = YES;
				CLANG_WARN_EMPTY_BODY = YES;
				CLANG_WARN_ENUM_CONVERSION = YES;
				CLANG_WARN_INFINITE_RECURSION = YES;
				CLANG_WARN_INT_CONVERSION = YES;
				CLANG_WARN_NON_LITERAL_NULL_CONVERSION = YES;
				CLANG_WARN_OBJC_LITERAL_CONVERSION = YES;
				CLANG_WARN_OBJC_ROOT_CLASS = YES_ERROR;
				CLANG_WARN_RANGE_LOOP_ANALYSIS = YES;
				CLANG_WARN_STRICT_PROTOTYPES = YES;
				CLANG_WARN_SUSPICIOUS_MOVE = YES;
				CLANG_WARN_UNGUARDED_AVAILABILITY = YES_AGGRESSIVE;
				CLANG_WARN_UNREACHABLE_CODE = YES;
				CLANG_WARN__DUPLICATE_METHOD_MATCH = YES;
				CODE_SIGN_IDENTITY = "iPhone Developer";
				COPY_PHASE_STRIP = NO;
				DEBUG_INFORMATION_FORMAT = dwarf;
				ENABLE_STRICT_OBJC_MSGSEND = YES;
				ENABLE_TESTABILITY = YES;
				GCC_C_LANGUAGE_STANDARD = gnu11;
				GCC_DYNAMIC_NO_PIC = NO;
				GCC_NO_COMMON_BLOCKS = YES;
				GCC_OPTIMIZATION_LEVEL = 0;
				GCC_PREPROCESSOR_DEFINITIONS = (
					"DEBUG=1",
					"$(inherited)",
				);
				GCC_WARN_64_TO_32_BIT_CONVERSION = YES;
				GCC_WARN_ABOUT_RETURN_TYPE = YES_ERROR;
				GCC_WARN_UNDECLARED_SELECTOR = YES;
				GCC_WARN_UNINITIALIZED_AUTOS = YES_AGGRESSIVE;
				GCC_WARN_UNUSED_FUNCTION = YES;
				GCC_WARN_UNUSED_VARIABLE = YES;
				IPHONEOS_DEPLOYMENT_TARGET = 11.0;
				MTL_ENABLE_DEBUG_INFO = YES;
				ONLY_ACTIVE_ARCH = YES;
				SDKROOT = iphoneos;
				SWIFT_ACTIVE_COMPILATION_CONDITIONS = DEBUG;
				SWIFT_OPTIMIZATION_LEVEL = "-Onone";
			};
			name = Debug;
		};
		C07C664B20E5A42E0080CCD8 /* Release */ = {
			isa = XCBuildConfiguration;
			buildSettings = {
				ALWAYS_SEARCH_USER_PATHS = NO;
				CLANG_ANALYZER_NONNULL = YES;
				CLANG_ANALYZER_NUMBER_OBJECT_CONVERSION = YES_AGGRESSIVE;
				CLANG_CXX_LANGUAGE_STANDARD = "gnu++14";
				CLANG_CXX_LIBRARY = "libc++";
				CLANG_ENABLE_MODULES = YES;
				CLANG_ENABLE_OBJC_ARC = YES;
				CLANG_WARN_BLOCK_CAPTURE_AUTORELEASING = YES;
				CLANG_WARN_BOOL_CONVERSION = YES;
				CLANG_WARN_COMMA = YES;
				CLANG_WARN_CONSTANT_CONVERSION = YES;
				CLANG_WARN_DIRECT_OBJC_ISA_USAGE = YES_ERROR;
				CLANG_WARN_DOCUMENTATION_COMMENTS = YES;
				CLANG_WARN_EMPTY_BODY = YES;
				CLANG_WARN_ENUM_CONVERSION = YES;
				CLANG_WARN_INFINITE_RECURSION = YES;
				CLANG_WARN_INT_CONVERSION = YES;
				CLANG_WARN_NON_LITERAL_NULL_CONVERSION = YES;
				CLANG_WARN_OBJC_LITERAL_CONVERSION = YES;
				CLANG_WARN_OBJC_ROOT_CLASS = YES_ERROR;
				CLANG_WARN_RANGE_LOOP_ANALYSIS = YES;
				CLANG_WARN_STRICT_PROTOTYPES = YES;
				CLANG_WARN_SUSPICIOUS_MOVE = YES;
				CLANG_WARN_UNGUARDED_AVAILABILITY = YES_AGGRESSIVE;
				CLANG_WARN_UNREACHABLE_CODE = YES;
				CLANG_WARN__DUPLICATE_METHOD_MATCH = YES;
				CODE_SIGN_IDENTITY = "iPhone Developer";
				COPY_PHASE_STRIP = NO;
				DEBUG_INFORMATION_FORMAT = "dwarf-with-dsym";
				ENABLE_NS_ASSERTIONS = NO;
				ENABLE_STRICT_OBJC_MSGSEND = YES;
				GCC_C_LANGUAGE_STANDARD = gnu11;
				GCC_NO_COMMON_BLOCKS = YES;
				GCC_WARN_64_TO_32_BIT_CONVERSION = YES;
				GCC_WARN_ABOUT_RETURN_TYPE = YES_ERROR;
				GCC_WARN_UNDECLARED_SELECTOR = YES;
				GCC_WARN_UNINITIALIZED_AUTOS = YES_AGGRESSIVE;
				GCC_WARN_UNUSED_FUNCTION = YES;
				GCC_WARN_UNUSED_VARIABLE = YES;
				IPHONEOS_DEPLOYMENT_TARGET = 11.0;
				MTL_ENABLE_DEBUG_INFO = NO;
				SDKROOT = iphoneos;
				SWIFT_OPTIMIZATION_LEVEL = "-Owholemodule";
				VALIDATE_PRODUCT = YES;
			};
			name = Release;
		};
		C07C664D20E5A42E0080CCD8 /* Debug */ = {
			isa = XCBuildConfiguration;
			buildSettings = {
				ASSETCATALOG_COMPILER_APPICON_NAME = AppIcon;
				CODE_SIGN_STYLE = Automatic;
				INFOPLIST_FILE = name_with_hello_world/Info.plist;
				LD_RUNPATH_SEARCH_PATHS = "$(inherited) @executable_path/Frameworks";
				PRODUCT_BUNDLE_IDENTIFIER = "stack.name-with-hello-world";
				PRODUCT_NAME = "$(TARGET_NAME)";
				SWIFT_VERSION = 4.0;
				TARGETED_DEVICE_FAMILY = "1,2";
			};
			name = Debug;
		};
		C07C664E20E5A42E0080CCD8 /* Release */ = {
			isa = XCBuildConfiguration;
			buildSettings = {
				ASSETCATALOG_COMPILER_APPICON_NAME = AppIcon;
				CODE_SIGN_STYLE = Automatic;
				INFOPLIST_FILE = name_with_hello_world/Info.plist;
				LD_RUNPATH_SEARCH_PATHS = "$(inherited) @executable_path/Frameworks";
				PRODUCT_BUNDLE_IDENTIFIER = "stack.name-with-hello-world";
				PRODUCT_NAME = "$(TARGET_NAME)";
				SWIFT_VERSION = 4.0;
				TARGETED_DEVICE_FAMILY = "1,2";
			};
			name = Release;
		};
/* End XCBuildConfiguration section */

/* Begin XCConfigurationList section */
		C07C663520E5A42E0080CCD8 /* Build configuration list for PBXProject "name_with_hello_world" */ = {
			isa = XCConfigurationList;
			buildConfigurations = (
				C07C664A20E5A42E0080CCD8 /* Debug */,
				C07C664B20E5A42E0080CCD8 /* Release */,
			);
			defaultConfigurationIsVisible = 0;
			defaultConfigurationName = Release;
		};
		C07C664C20E5A42E0080CCD8 /* Build configuration list for PBXNativeTarget "name_with_hello_world" */ = {
			isa = XCConfigurationList;
			buildConfigurations = (
				C07C664D20E5A42E0080CCD8 /* Debug */,
				C07C664E20E5A42E0080CCD8 /* Release */,
			);
			defaultConfigurationIsVisible = 0;
			defaultConfigurationName = Release;
		};
/* End XCConfigurationList section */
	};
	rootObject = C07C663220E5A42E0080CCD8 /* Project object */;
}
