// !$*UTF8*$!
{
	archiveVersion = 1;
	classes = {
	};
	objectVersion = 48;
	objects = {

/* Begin PBXBuildFile section */
		C048E0E020EA99DE00E58A02 /* AppDelegate.swift in Sources */ = {isa = PBXBuildFile; fileRef = C048E0DF20EA99DE00E58A02 /* AppDelegate.swift */; };
		C048E0E220EA99DE00E58A02 /* ViewController.swift in Sources */ = {isa = PBXBuildFile; fileRef = C048E0E120EA99DE00E58A02 /* ViewController.swift */; };
		C048E0E520EA99DE00E58A02 /* Main.storyboard in Resources */ = {isa = PBXBuildFile; fileRef = C048E0E320EA99DE00E58A02 /* Main.storyboard */; };
		C048E0E720EA99DE00E58A02 /* Assets.xcassets in Resources */ = {isa = PBXBuildFile; fileRef = C048E0E620EA99DE00E58A02 /* Assets.xcassets */; };
		C048E0EA20EA99DE00E58A02 /* LaunchScreen.storyboard in Resources */ = {isa = PBXBuildFile; fileRef = C048E0E820EA99DE00E58A02 /* LaunchScreen.storyboard */; };
/* End PBXBuildFile section */

/* Begin PBXFileReference section */
		C048E0DC20EA99DE00E58A02 /* BinaryToDecimal.app */ = {isa = PBXFileReference; explicitFileType = wrapper.application; includeInIndex = 0; path = BinaryToDecimal.app; sourceTree = BUILT_PRODUCTS_DIR; };
		C048E0DF20EA99DE00E58A02 /* AppDelegate.swift */ = {isa = PBXFileReference; lastKnownFileType = sourcecode.swift; path = AppDelegate.swift; sourceTree = "<group>"; };
		C048E0E120EA99DE00E58A02 /* ViewController.swift */ = {isa = PBXFileReference; lastKnownFileType = sourcecode.swift; path = ViewController.swift; sourceTree = "<group>"; };
		C048E0E420EA99DE00E58A02 /* Base */ = {isa = PBXFileReference; lastKnownFileType = file.storyboard; name = Base; path = Base.lproj/Main.storyboard; sourceTree = "<group>"; };
		C048E0E620EA99DE00E58A02 /* Assets.xcassets */ = {isa = PBXFileReference; lastKnownFileType = folder.assetcatalog; path = Assets.xcassets; sourceTree = "<group>"; };
		C048E0E920EA99DE00E58A02 /* Base */ = {isa = PBXFileReference; lastKnownFileType = file.storyboard; name = Base; path = Base.lproj/LaunchScreen.storyboard; sourceTree = "<group>"; };
		C048E0EB20EA99DE00E58A02 /* Info.plist */ = {isa = PBXFileReference; lastKnownFileType = text.plist.xml; path = Info.plist; sourceTree = "<group>"; };
/* End PBXFileReference section */

/* Begin PBXFrameworksBuildPhase section */
		C048E0D920EA99DE00E58A02 /* Frameworks */ = {
			isa = PBXFrameworksBuildPhase;
			buildActionMask = 2147483647;
			files = (
			);
			runOnlyForDeploymentPostprocessing = 0;
		};
/* End PBXFrameworksBuildPhase section */

/* Begin PBXGroup section */
		C048E0D320EA99DE00E58A02 = {
			isa = PBXGroup;
			children = (
				C048E0DE20EA99DE00E58A02 /* BinaryToDecimal */,
				C048E0DD20EA99DE00E58A02 /* Products */,
			);
			sourceTree = "<group>";
		};
		C048E0DD20EA99DE00E58A02 /* Products */ = {
			isa = PBXGroup;
			children = (
				C048E0DC20EA99DE00E58A02 /* BinaryToDecimal.app */,
			);
			name = Products;
			sourceTree = "<group>";
		};
		C048E0DE20EA99DE00E58A02 /* BinaryToDecimal */ = {
			isa = PBXGroup;
			children = (
				C048E0DF20EA99DE00E58A02 /* AppDelegate.swift */,
				C048E0E120EA99DE00E58A02 /* ViewController.swift */,
				C048E0E320EA99DE00E58A02 /* Main.storyboard */,
				C048E0E620EA99DE00E58A02 /* Assets.xcassets */,
				C048E0E820EA99DE00E58A02 /* LaunchScreen.storyboard */,
				C048E0EB20EA99DE00E58A02 /* Info.plist */,
			);
			path = BinaryToDecimal;
			sourceTree = "<group>";
		};
/* End PBXGroup section */

/* Begin PBXNativeTarget section */
		C048E0DB20EA99DE00E58A02 /* BinaryToDecimal */ = {
			isa = PBXNativeTarget;
			buildConfigurationList = C048E0EE20EA99DE00E58A02 /* Build configuration list for PBXNativeTarget "BinaryToDecimal" */;
			buildPhases = (
				C048E0D820EA99DE00E58A02 /* Sources */,
				C048E0D920EA99DE00E58A02 /* Frameworks */,
				C048E0DA20EA99DE00E58A02 /* Resources */,
			);
			buildRules = (
			);
			dependencies = (
			);
			name = BinaryToDecimal;
			productName = BinaryToDecimal;
			productReference = C048E0DC20EA99DE00E58A02 /* BinaryToDecimal.app */;
			productType = "com.apple.product-type.application";
		};
/* End PBXNativeTarget section */

/* Begin PBXProject section */
		C048E0D420EA99DE00E58A02 /* Project object */ = {
			isa = PBXProject;
			attributes = {
				LastSwiftUpdateCheck = 0900;
				LastUpgradeCheck = 0900;
				ORGANIZATIONNAME = Everyone;
				TargetAttributes = {
					C048E0DB20EA99DE00E58A02 = {
						CreatedOnToolsVersion = 9.0;
						ProvisioningStyle = Automatic;
					};
				};
			};
			buildConfigurationList = C048E0D720EA99DE00E58A02 /* Build configuration list for PBXProject "BinaryToDecimal" */;
			compatibilityVersion = "Xcode 8.0";
			developmentRegion = en;
			hasScannedForEncodings = 0;
			knownRegions = (
				en,
				Base,
			);
			mainGroup = C048E0D320EA99DE00E58A02;
			productRefGroup = C048E0DD20EA99DE00E58A02 /* Products */;
			projectDirPath = "";
			projectRoot = "";
			targets = (
				C048E0DB20EA99DE00E58A02 /* BinaryToDecimal */,
			);
		};
/* End PBXProject section */

/* Begin PBXResourcesBuildPhase section */
		C048E0DA20EA99DE00E58A02 /* Resources */ = {
			isa = PBXResourcesBuildPhase;
			buildActionMask = 2147483647;
			files = (
				C048E0EA20EA99DE00E58A02 /* LaunchScreen.storyboard in Resources */,
				C048E0E720EA99DE00E58A02 /* Assets.xcassets in Resources */,
				C048E0E520EA99DE00E58A02 /* Main.storyboard in Resources */,
			);
			runOnlyForDeploymentPostprocessing = 0;
		};
/* End PBXResourcesBuildPhase section */

/* Begin PBXSourcesBuildPhase section */
		C048E0D820EA99DE00E58A02 /* Sources */ = {
			isa = PBXSourcesBuildPhase;
			buildActionMask = 2147483647;
			files = (
				C048E0E220EA99DE00E58A02 /* ViewController.swift in Sources */,
				C048E0E020EA99DE00E58A02 /* AppDelegate.swift in Sources */,
			);
			runOnlyForDeploymentPostprocessing = 0;
		};
/* End PBXSourcesBuildPhase section */

/* Begin PBXVariantGroup section */
		C048E0E320EA99DE00E58A02 /* Main.storyboard */ = {
			isa = PBXVariantGroup;
			children = (
				C048E0E420EA99DE00E58A02 /* Base */,
			);
			name = Main.storyboard;
			sourceTree = "<group>";
		};
		C048E0E820EA99DE00E58A02 /* LaunchScreen.storyboard */ = {
			isa = PBXVariantGroup;
			children = (
				C048E0E920EA99DE00E58A02 /* Base */,
			);
			name = LaunchScreen.storyboard;
			sourceTree = "<group>";
		};
/* End PBXVariantGroup section */

/* Begin XCBuildConfiguration section */
		C048E0EC20EA99DE00E58A02 /* Debug */ = {
			isa = XCBuildConfiguration;
			buildSettings = {
				ALWAYS_SEARCH_USER_PATHS = NO;
				CLANG_ANALYZER_NONNULL = YES;
				CLANG_ANALYZER_NUMBER_OBJECT_CONVERSION = YES_AGGRESSIVE;
				CLANG_CXX_LANGUAGE_STANDARD = "gnu++14";
				CLANG_CXX_LIBRARY = "libc++";
				CLANG_ENABLE_MODULES = YES;
				CLANG_ENABLE_OBJC_ARC = YES;
				CLANG_WARN_BLOCK_CAPTURE_AUTORELEASING = YES;
				CLANG_WARN_BOOL_CONVERSION = YES;
				CLANG_WARN_COMMA = YES;
				CLANG_WARN_CONSTANT_CONVERSION = YES;
				CLANG_WARN_DIRECT_OBJC_ISA_USAGE = YES_ERROR;
				CLANG_WARN_DOCUMENTATION_COMMENTS = YES;
				CLANG_WARN_EMPTY_BODY = YES;
				CLANG_WARN_ENUM_CONVERSION = YES;
				CLANG_WARN_INFINITE_RECURSION = YES;
				CLANG_WARN_INT_CONVERSION = YES;
				CLANG_WARN_NON_LITERAL_NULL_CONVERSION = YES;
				CLANG_WARN_OBJC_LITERAL_CONVERSION = YES;
				CLANG_WARN_OBJC_ROOT_CLASS = YES_ERROR;
				CLANG_WARN_RANGE_LOOP_ANALYSIS = YES;
				CLANG_WARN_STRICT_PROTOTYPES = YES;
				CLANG_WARN_SUSPICIOUS_MOVE = YES;
				CLANG_WARN_UNGUARDED_AVAILABILITY = YES_AGGRESSIVE;
				CLANG_WARN_UNREACHABLE_CODE = YES;
				CLANG_WARN__DUPLICATE_METHOD_MATCH = YES;
				CODE_SIGN_IDENTITY = "iPhone Developer";
				COPY_PHASE_STRIP = NO;
				DEBUG_INFORMATION_FORMAT = dwarf;
				ENABLE_STRICT_OBJC_MSGSEND = YES;
				ENABLE_TESTABILITY = YES;
				GCC_C_LANGUAGE_STANDARD = gnu11;
				GCC_DYNAMIC_NO_PIC = NO;
				GCC_NO_COMMON_BLOCKS = YES;
				GCC_OPTIMIZATION_LEVEL = 0;
				GCC_PREPROCESSOR_DEFINITIONS = (
					"DEBUG=1",
					"$(inherited)",
				);
				GCC_WARN_64_TO_32_BIT_CONVERSION = YES;
				GCC_WARN_ABOUT_RETURN_TYPE = YES_ERROR;
				GCC_WARN_UNDECLARED_SELECTOR = YES;
				GCC_WARN_UNINITIALIZED_AUTOS = YES_AGGRESSIVE;
				GCC_WARN_UNUSED_FUNCTION = YES;
				GCC_WARN_UNUSED_VARIABLE = YES;
				IPHONEOS_DEPLOYMENT_TARGET = 11.0;
				MTL_ENABLE_DEBUG_INFO = YES;
				ONLY_ACTIVE_ARCH = YES;
				SDKROOT = iphoneos;
				SWIFT_ACTIVE_COMPILATION_CONDITIONS = DEBUG;
				SWIFT_OPTIMIZATION_LEVEL = "-Onone";
			};
			name = Debug;
		};
		C048E0ED20EA99DE00E58A02 /* Release */ = {
			isa = XCBuildConfiguration;
			buildSettings = {
				ALWAYS_SEARCH_USER_PATHS = NO;
				CLANG_ANALYZER_NONNULL = YES;
				CLANG_ANALYZER_NUMBER_OBJECT_CONVERSION = YES_AGGRESSIVE;
				CLANG_CXX_LANGUAGE_STANDARD = "gnu++14";
				CLANG_CXX_LIBRARY = "libc++";
				CLANG_ENABLE_MODULES = YES;
				CLANG_ENABLE_OBJC_ARC = YES;
				CLANG_WARN_BLOCK_CAPTURE_AUTORELEASING = YES;
				CLANG_WARN_BOOL_CONVERSION = YES;
				CLANG_WARN_COMMA = YES;
				CLANG_WARN_CONSTANT_CONVERSION = YES;
				CLANG_WARN_DIRECT_OBJC_ISA_USAGE = YES_ERROR;
				CLANG_WARN_DOCUMENTATION_COMMENTS = YES;
				CLANG_WARN_EMPTY_BODY = YES;
				CLANG_WARN_ENUM_CONVERSION = YES;
				CLANG_WARN_INFINITE_RECURSION = YES;
				CLANG_WARN_INT_CONVERSION = YES;
				CLANG_WARN_NON_LITERAL_NULL_CONVERSION = YES;
				CLANG_WARN_OBJC_LITERAL_CONVERSION = YES;
				CLANG_WARN_OBJC_ROOT_CLASS = YES_ERROR;
				CLANG_WARN_RANGE_LOOP_ANALYSIS = YES;
				CLANG_WARN_STRICT_PROTOTYPES = YES;
				CLANG_WARN_SUSPICIOUS_MOVE = YES;
				CLANG_WARN_UNGUARDED_AVAILABILITY = YES_AGGRESSIVE;
				CLANG_WARN_UNREACHABLE_CODE = YES;
				CLANG_WARN__DUPLICATE_METHOD_MATCH = YES;
				CODE_SIGN_IDENTITY = "iPhone Developer";
				COPY_PHASE_STRIP = NO;
				DEBUG_INFORMATION_FORMAT = "dwarf-with-dsym";
				ENABLE_NS_ASSERTIONS = NO;
				ENABLE_STRICT_OBJC_MSGSEND = YES;
				GCC_C_LANGUAGE_STANDARD = gnu11;
				GCC_NO_COMMON_BLOCKS = YES;
				GCC_WARN_64_TO_32_BIT_CONVERSION = YES;
				GCC_WARN_ABOUT_RETURN_TYPE = YES_ERROR;
				GCC_WARN_UNDECLARED_SELECTOR = YES;
				GCC_WARN_UNINITIALIZED_AUTOS = YES_AGGRESSIVE;
				GCC_WARN_UNUSED_FUNCTION = YES;
				GCC_WARN_UNUSED_VARIABLE = YES;
				IPHONEOS_DEPLOYMENT_TARGET = 11.0;
				MTL_ENABLE_DEBUG_INFO = NO;
				SDKROOT = iphoneos;
				SWIFT_OPTIMIZATION_LEVEL = "-Owholemodule";
				VALIDATE_PRODUCT = YES;
			};
			name = Release;
		};
		C048E0EF20EA99DE00E58A02 /* Debug */ = {
			isa = XCBuildConfiguration;
			buildSettings = {
				ASSETCATALOG_COMPILER_APPICON_NAME = AppIcon;
				CODE_SIGN_STYLE = Automatic;
				INFOPLIST_FILE = BinaryToDecimal/Info.plist;
				LD_RUNPATH_SEARCH_PATHS = "$(inherited) @executable_path/Frameworks";
				PRODUCT_BUNDLE_IDENTIFIER = stack.BinaryToDecimal;
				PRODUCT_NAME = "$(TARGET_NAME)";
				SWIFT_VERSION = 4.0;
				TARGETED_DEVICE_FAMILY = "1,2";
			};
			name = Debug;
		};
		C048E0F020EA99DE00E58A02 /* Release */ = {
			isa = XCBuildConfiguration;
			buildSettings = {
				ASSETCATALOG_COMPILER_APPICON_NAME = AppIcon;
				CODE_SIGN_STYLE = Automatic;
				INFOPLIST_FILE = BinaryToDecimal/Info.plist;
				LD_RUNPATH_SEARCH_PATHS = "$(inherited) @executable_path/Frameworks";
				PRODUCT_BUNDLE_IDENTIFIER = stack.BinaryToDecimal;
				PRODUCT_NAME = "$(TARGET_NAME)";
				SWIFT_VERSION = 4.0;
				TARGETED_DEVICE_FAMILY = "1,2";
			};
			name = Release;
		};
/* End XCBuildConfiguration section */

/* Begin XCConfigurationList section */
		C048E0D720EA99DE00E58A02 /* Build configuration list for PBXProject "BinaryToDecimal" */ = {
			isa = XCConfigurationList;
			buildConfigurations = (
				C048E0EC20EA99DE00E58A02 /* Debug */,
				C048E0ED20EA99DE00E58A02 /* Release */,
			);
			defaultConfigurationIsVisible = 0;
			defaultConfigurationName = Release;
		};
		C048E0EE20EA99DE00E58A02 /* Build configuration list for PBXNativeTarget "BinaryToDecimal" */ = {
			isa = XCConfigurationList;
			buildConfigurations = (
				C048E0EF20EA99DE00E58A02 /* Debug */,
				C048E0F020EA99DE00E58A02 /* Release */,
			);
			defaultConfigurationIsVisible = 0;
			defaultConfigurationName = Release;
		};
/* End XCConfigurationList section */
	};
	rootObject = C048E0D420EA99DE00E58A02 /* Project object */;
}
